// !$*UTF8*$!
{
	archiveVersion = 1;
	classes = {
	};
	objectVersion = 46;
	objects = {

/* Begin PBXBuildFile section */
		29F612021D052B1B00508815 /* server.cpp in Sources */ = {isa = PBXBuildFile; fileRef = 29F612001D052B1B00508815 /* server.cpp */; };
		F65826CF1D03E05A008B53DE /* mgl.cpp in Sources */ = {isa = PBXBuildFile; fileRef = F65826CD1D03E05A008B53DE /* mgl.cpp */; };
		F65826D31D04518E008B53DE /* Gobang.cpp in Sources */ = {isa = PBXBuildFile; fileRef = F65826D11D04518E008B53DE /* Gobang.cpp */; };
		F65826D61D047BA8008B53DE /* text.cpp in Sources */ = {isa = PBXBuildFile; fileRef = F65826D41D047BA8008B53DE /* text.cpp */; };
		F65E779C1CFB3D1400B2F7AA /* CCDictionary.cpp in Sources */ = {isa = PBXBuildFile; fileRef = F65E77961CFB3D1400B2F7AA /* CCDictionary.cpp */; };
		F65E779D1CFB3D1400B2F7AA /* HashTable.cpp in Sources */ = {isa = PBXBuildFile; fileRef = F65E77981CFB3D1400B2F7AA /* HashTable.cpp */; };
		F65E779E1CFB3D1400B2F7AA /* MutableData.cpp in Sources */ = {isa = PBXBuildFile; fileRef = F65E779A1CFB3D1400B2F7AA /* MutableData.cpp */; };
		F65E77A41CFB3D1E00B2F7AA /* Draw.cpp in Sources */ = {isa = PBXBuildFile; fileRef = F65E77A01CFB3D1E00B2F7AA /* Draw.cpp */; };
		F65E77A51CFB3D1E00B2F7AA /* Window.cpp in Sources */ = {isa = PBXBuildFile; fileRef = F65E77A21CFB3D1E00B2F7AA /* Window.cpp */; };
		F65E77B51CFB3D2A00B2F7AA /* LBitmap.cpp in Sources */ = {isa = PBXBuildFile; fileRef = F65E77A71CFB3D2A00B2F7AA /* LBitmap.cpp */; };
		F65E77B61CFB3D2A00B2F7AA /* ColorModeDataSection.cpp in Sources */ = {isa = PBXBuildFile; fileRef = F65E77AA1CFB3D2A00B2F7AA /* ColorModeDataSection.cpp */; };
		F65E77B71CFB3D2A00B2F7AA /* FileHeaderSection.cpp in Sources */ = {isa = PBXBuildFile; fileRef = F65E77AC1CFB3D2A00B2F7AA /* FileHeaderSection.cpp */; };
		F65E77B81CFB3D2A00B2F7AA /* ImageResourcesSection.cpp in Sources */ = {isa = PBXBuildFile; fileRef = F65E77AE1CFB3D2A00B2F7AA /* ImageResourcesSection.cpp */; };
		F65E77B91CFB3D2A00B2F7AA /* LayerAndMaskInformationSection.cpp in Sources */ = {isa = PBXBuildFile; fileRef = F65E77B01CFB3D2A00B2F7AA /* LayerAndMaskInformationSection.cpp */; };
		F65E77BA1CFB3D2A00B2F7AA /* LPsdParser.cpp in Sources */ = {isa = PBXBuildFile; fileRef = F65E77B21CFB3D2A00B2F7AA /* LPsdParser.cpp */; };
		F65E77C81CFB3D3900B2F7AA /* Matrix.cpp in Sources */ = {isa = PBXBuildFile; fileRef = F65E77BC1CFB3D3900B2F7AA /* Matrix.cpp */; };
		F65E77C91CFB3D3900B2F7AA /* matrix_transform.cpp in Sources */ = {isa = PBXBuildFile; fileRef = F65E77BE1CFB3D3900B2F7AA /* matrix_transform.cpp */; };
		F65E77CB1CFB3D3900B2F7AA /* raster.cpp in Sources */ = {isa = PBXBuildFile; fileRef = F65E77C21CFB3D3900B2F7AA /* raster.cpp */; };
		F65E77CC1CFB3D3900B2F7AA /* ray_polygon_intersection.cpp in Sources */ = {isa = PBXBuildFile; fileRef = F65E77C41CFB3D3900B2F7AA /* ray_polygon_intersection.cpp */; };
		F65E77CD1CFB3D3900B2F7AA /* Vector3.cpp in Sources */ = {isa = PBXBuildFile; fileRef = F65E77C61CFB3D3900B2F7AA /* Vector3.cpp */; };
		F65E77CF1CFB3D4800B2F7AA /* main.cpp in Sources */ = {isa = PBXBuildFile; fileRef = F65E77CE1CFB3D4800B2F7AA /* main.cpp */; };
		F66C35FB1D07009500CDF38B /* FileUtils.mm in Sources */ = {isa = PBXBuildFile; fileRef = F66C35F91D07009500CDF38B /* FileUtils.mm */; };
		F66C35FD1D07051E00CDF38B /* Foundation.framework in Frameworks */ = {isa = PBXBuildFile; fileRef = F66C35FC1D07051E00CDF38B /* Foundation.framework */; };
		F66C76301D05A2A7006307ED /* MainLoop.cpp in Sources */ = {isa = PBXBuildFile; fileRef = F66C762E1D05A2A7006307ED /* MainLoop.cpp */; };
		F66C76331D05A462006307ED /* Node.cpp in Sources */ = {isa = PBXBuildFile; fileRef = F66C76311D05A462006307ED /* Node.cpp */; };
		F68840E81CD0FFC300304589 /* OpenGL.framework in Frameworks */ = {isa = PBXBuildFile; fileRef = F68840E71CD0FFC300304589 /* OpenGL.framework */; };
		F68840EA1CD0FFD400304589 /* GLUT.framework in Frameworks */ = {isa = PBXBuildFile; fileRef = F68840E91CD0FFD400304589 /* GLUT.framework */; };
		F6ED2B6A1D0ACEF700252092 /* TouchDispatcher.cpp in Sources */ = {isa = PBXBuildFile; fileRef = F6ED2B681D0ACEF700252092 /* TouchDispatcher.cpp */; };
		F6ED2B6D1D0ADCB500252092 /* math.cpp in Sources */ = {isa = PBXBuildFile; fileRef = F6ED2B6B1D0ADCB500252092 /* math.cpp */; };
		F6ED2B701D0AF5DC00252092 /* control.cpp in Sources */ = {isa = PBXBuildFile; fileRef = F6ED2B6E1D0AF5DC00252092 /* control.cpp */; };
		F6ED2B751D0B1A1800252092 /* Texture2D.mm in Sources */ = {isa = PBXBuildFile; fileRef = F6ED2B731D0B1A1800252092 /* Texture2D.mm */; };
		F6ED2B771D0B20C800252092 /* AppKit.framework in Frameworks */ = {isa = PBXBuildFile; fileRef = F6ED2B761D0B20C800252092 /* AppKit.framework */; };
		F6ED2B791D0B23FB00252092 /* resource in Resources */ = {isa = PBXBuildFile; fileRef = F6ED2B781D0B23FB00252092 /* resource */; };
		F6ED2B7A1D0B240800252092 /* resource in CopyFiles */ = {isa = PBXBuildFile; fileRef = F6ED2B781D0B23FB00252092 /* resource */; };
/* End PBXBuildFile section */

/* Begin PBXCopyFilesBuildPhase section */
		F6E343E01CC68ABD0078E638 /* CopyFiles */ = {
			isa = PBXCopyFilesBuildPhase;
			buildActionMask = 12;
			dstPath = "";
			dstSubfolderSpec = 16;
			files = (
				F6ED2B7A1D0B240800252092 /* resource in CopyFiles */,
			);
			runOnlyForDeploymentPostprocessing = 0;
		};
/* End PBXCopyFilesBuildPhase section */

/* Begin PBXFileReference section */
		29F612001D052B1B00508815 /* server.cpp */ = {isa = PBXFileReference; fileEncoding = 4; lastKnownFileType = sourcecode.cpp.cpp; name = server.cpp; path = minigame/server.cpp; sourceTree = "<group>"; };
		29F612011D052B1B00508815 /* server.h */ = {isa = PBXFileReference; fileEncoding = 4; lastKnownFileType = sourcecode.c.h; name = server.h; path = minigame/server.h; sourceTree = "<group>"; };
		F65826CD1D03E05A008B53DE /* mgl.cpp */ = {isa = PBXFileReference; fileEncoding = 4; lastKnownFileType = sourcecode.cpp.cpp; name = mgl.cpp; path = mgl/mgl.cpp; sourceTree = "<group>"; };
		F65826CE1D03E05A008B53DE /* mgl.h */ = {isa = PBXFileReference; fileEncoding = 4; lastKnownFileType = sourcecode.c.h; name = mgl.h; path = mgl/mgl.h; sourceTree = "<group>"; };
		F65826D11D04518E008B53DE /* Gobang.cpp */ = {isa = PBXFileReference; fileEncoding = 4; lastKnownFileType = sourcecode.cpp.cpp; name = Gobang.cpp; path = minigame/Gobang.cpp; sourceTree = "<group>"; };
		F65826D21D04518E008B53DE /* Gobang.h */ = {isa = PBXFileReference; fileEncoding = 4; lastKnownFileType = sourcecode.c.h; name = Gobang.h; path = minigame/Gobang.h; sourceTree = "<group>"; };
		F65826D41D047BA8008B53DE /* text.cpp */ = {isa = PBXFileReference; fileEncoding = 4; lastKnownFileType = sourcecode.cpp.cpp; name = text.cpp; path = mgl/text.cpp; sourceTree = "<group>"; };
		F65826D51D047BA8008B53DE /* text.h */ = {isa = PBXFileReference; fileEncoding = 4; lastKnownFileType = sourcecode.c.h; name = text.h; path = mgl/text.h; sourceTree = "<group>"; };
		F65E77961CFB3D1400B2F7AA /* CCDictionary.cpp */ = {isa = PBXFileReference; fileEncoding = 4; lastKnownFileType = sourcecode.cpp.cpp; path = CCDictionary.cpp; sourceTree = "<group>"; };
		F65E77971CFB3D1400B2F7AA /* CCDictionary.h */ = {isa = PBXFileReference; fileEncoding = 4; lastKnownFileType = sourcecode.c.h; path = CCDictionary.h; sourceTree = "<group>"; };
		F65E77981CFB3D1400B2F7AA /* HashTable.cpp */ = {isa = PBXFileReference; fileEncoding = 4; lastKnownFileType = sourcecode.cpp.cpp; path = HashTable.cpp; sourceTree = "<group>"; };
		F65E77991CFB3D1400B2F7AA /* HashTable.h */ = {isa = PBXFileReference; fileEncoding = 4; lastKnownFileType = sourcecode.c.h; path = HashTable.h; sourceTree = "<group>"; };
		F65E779A1CFB3D1400B2F7AA /* MutableData.cpp */ = {isa = PBXFileReference; fileEncoding = 4; lastKnownFileType = sourcecode.cpp.cpp; path = MutableData.cpp; sourceTree = "<group>"; };
		F65E779B1CFB3D1400B2F7AA /* MutableData.h */ = {isa = PBXFileReference; fileEncoding = 4; lastKnownFileType = sourcecode.c.h; path = MutableData.h; sourceTree = "<group>"; };
		F65E77A01CFB3D1E00B2F7AA /* Draw.cpp */ = {isa = PBXFileReference; fileEncoding = 4; lastKnownFileType = sourcecode.cpp.cpp; path = Draw.cpp; sourceTree = "<group>"; };
		F65E77A11CFB3D1E00B2F7AA /* Draw.h */ = {isa = PBXFileReference; fileEncoding = 4; lastKnownFileType = sourcecode.c.h; path = Draw.h; sourceTree = "<group>"; };
		F65E77A21CFB3D1E00B2F7AA /* Window.cpp */ = {isa = PBXFileReference; fileEncoding = 4; lastKnownFileType = sourcecode.cpp.cpp; path = Window.cpp; sourceTree = "<group>"; };
		F65E77A31CFB3D1E00B2F7AA /* Window.h */ = {isa = PBXFileReference; fileEncoding = 4; lastKnownFileType = sourcecode.c.h; path = Window.h; sourceTree = "<group>"; };
		F65E77A71CFB3D2A00B2F7AA /* LBitmap.cpp */ = {isa = PBXFileReference; fileEncoding = 4; lastKnownFileType = sourcecode.cpp.cpp; path = LBitmap.cpp; sourceTree = "<group>"; };
		F65E77A81CFB3D2A00B2F7AA /* LBitmap.h */ = {isa = PBXFileReference; fileEncoding = 4; lastKnownFileType = sourcecode.c.h; path = LBitmap.h; sourceTree = "<group>"; };
		F65E77AA1CFB3D2A00B2F7AA /* ColorModeDataSection.cpp */ = {isa = PBXFileReference; fileEncoding = 4; lastKnownFileType = sourcecode.cpp.cpp; path = ColorModeDataSection.cpp; sourceTree = "<group>"; };
		F65E77AB1CFB3D2A00B2F7AA /* ColorModeDataSection.h */ = {isa = PBXFileReference; fileEncoding = 4; lastKnownFileType = sourcecode.c.h; path = ColorModeDataSection.h; sourceTree = "<group>"; };
		F65E77AC1CFB3D2A00B2F7AA /* FileHeaderSection.cpp */ = {isa = PBXFileReference; fileEncoding = 4; lastKnownFileType = sourcecode.cpp.cpp; path = FileHeaderSection.cpp; sourceTree = "<group>"; };
		F65E77AD1CFB3D2A00B2F7AA /* FileHeaderSection.h */ = {isa = PBXFileReference; fileEncoding = 4; lastKnownFileType = sourcecode.c.h; path = FileHeaderSection.h; sourceTree = "<group>"; };
		F65E77AE1CFB3D2A00B2F7AA /* ImageResourcesSection.cpp */ = {isa = PBXFileReference; fileEncoding = 4; lastKnownFileType = sourcecode.cpp.cpp; path = ImageResourcesSection.cpp; sourceTree = "<group>"; };
		F65E77AF1CFB3D2A00B2F7AA /* ImageResourcesSection.h */ = {isa = PBXFileReference; fileEncoding = 4; lastKnownFileType = sourcecode.c.h; path = ImageResourcesSection.h; sourceTree = "<group>"; };
		F65E77B01CFB3D2A00B2F7AA /* LayerAndMaskInformationSection.cpp */ = {isa = PBXFileReference; fileEncoding = 4; lastKnownFileType = sourcecode.cpp.cpp; path = LayerAndMaskInformationSection.cpp; sourceTree = "<group>"; };
		F65E77B11CFB3D2A00B2F7AA /* LayerAndMaskInformationSection.h */ = {isa = PBXFileReference; fileEncoding = 4; lastKnownFileType = sourcecode.c.h; path = LayerAndMaskInformationSection.h; sourceTree = "<group>"; };
		F65E77B21CFB3D2A00B2F7AA /* LPsdParser.cpp */ = {isa = PBXFileReference; fileEncoding = 4; lastKnownFileType = sourcecode.cpp.cpp; path = LPsdParser.cpp; sourceTree = "<group>"; };
		F65E77B31CFB3D2A00B2F7AA /* LPsdParser.h */ = {isa = PBXFileReference; fileEncoding = 4; lastKnownFileType = sourcecode.c.h; path = LPsdParser.h; sourceTree = "<group>"; };
		F65E77B41CFB3D2A00B2F7AA /* psdinclude.h */ = {isa = PBXFileReference; fileEncoding = 4; lastKnownFileType = sourcecode.c.h; path = psdinclude.h; sourceTree = "<group>"; };
		F65E77BC1CFB3D3900B2F7AA /* Matrix.cpp */ = {isa = PBXFileReference; fileEncoding = 4; lastKnownFileType = sourcecode.cpp.cpp; path = Matrix.cpp; sourceTree = "<group>"; };
		F65E77BD1CFB3D3900B2F7AA /* Matrix.h */ = {isa = PBXFileReference; fileEncoding = 4; lastKnownFileType = sourcecode.c.h; path = Matrix.h; sourceTree = "<group>"; };
		F65E77BE1CFB3D3900B2F7AA /* matrix_transform.cpp */ = {isa = PBXFileReference; fileEncoding = 4; lastKnownFileType = sourcecode.cpp.cpp; path = matrix_transform.cpp; sourceTree = "<group>"; };
		F65E77BF1CFB3D3900B2F7AA /* matrix_transform.h */ = {isa = PBXFileReference; fileEncoding = 4; lastKnownFileType = sourcecode.c.h; path = matrix_transform.h; sourceTree = "<group>"; };
		F65E77C21CFB3D3900B2F7AA /* raster.cpp */ = {isa = PBXFileReference; fileEncoding = 4; lastKnownFileType = sourcecode.cpp.cpp; path = raster.cpp; sourceTree = "<group>"; };
		F65E77C31CFB3D3900B2F7AA /* raster.h */ = {isa = PBXFileReference; fileEncoding = 4; lastKnownFileType = sourcecode.c.h; path = raster.h; sourceTree = "<group>"; };
		F65E77C41CFB3D3900B2F7AA /* ray_polygon_intersection.cpp */ = {isa = PBXFileReference; fileEncoding = 4; lastKnownFileType = sourcecode.cpp.cpp; path = ray_polygon_intersection.cpp; sourceTree = "<group>"; };
		F65E77C51CFB3D3900B2F7AA /* ray_polygon_intersection.h */ = {isa = PBXFileReference; fileEncoding = 4; lastKnownFileType = sourcecode.c.h; path = ray_polygon_intersection.h; sourceTree = "<group>"; };
		F65E77C61CFB3D3900B2F7AA /* Vector3.cpp */ = {isa = PBXFileReference; fileEncoding = 4; lastKnownFileType = sourcecode.cpp.cpp; path = Vector3.cpp; sourceTree = "<group>"; };
		F65E77C71CFB3D3900B2F7AA /* Vector3.h */ = {isa = PBXFileReference; fileEncoding = 4; lastKnownFileType = sourcecode.c.h; path = Vector3.h; sourceTree = "<group>"; };
		F65E77CE1CFB3D4800B2F7AA /* main.cpp */ = {isa = PBXFileReference; fileEncoding = 4; lastKnownFileType = sourcecode.cpp.cpp; name = main.cpp; path = ADT/GUI/image_file_parse/Raster/main.cpp; sourceTree = "<group>"; };
		F66C35F91D07009500CDF38B /* FileUtils.mm */ = {isa = PBXFileReference; fileEncoding = 4; lastKnownFileType = sourcecode.cpp.objcpp; name = FileUtils.mm; path = file_utils/FileUtils.mm; sourceTree = "<group>"; };
		F66C35FA1D07009500CDF38B /* FileUtils.h */ = {isa = PBXFileReference; fileEncoding = 4; lastKnownFileType = sourcecode.c.h; name = FileUtils.h; path = file_utils/FileUtils.h; sourceTree = "<group>"; };
		F66C35FC1D07051E00CDF38B /* Foundation.framework */ = {isa = PBXFileReference; lastKnownFileType = wrapper.framework; name = Foundation.framework; path = System/Library/Frameworks/Foundation.framework; sourceTree = SDKROOT; };
		F66C762E1D05A2A7006307ED /* MainLoop.cpp */ = {isa = PBXFileReference; fileEncoding = 4; lastKnownFileType = sourcecode.cpp.cpp; name = MainLoop.cpp; path = minigame/MainLoop.cpp; sourceTree = "<group>"; };
		F66C762F1D05A2A7006307ED /* MainLoop.h */ = {isa = PBXFileReference; fileEncoding = 4; lastKnownFileType = sourcecode.c.h; name = MainLoop.h; path = minigame/MainLoop.h; sourceTree = "<group>"; };
		F66C76311D05A462006307ED /* Node.cpp */ = {isa = PBXFileReference; fileEncoding = 4; lastKnownFileType = sourcecode.cpp.cpp; name = Node.cpp; path = minigame/Node.cpp; sourceTree = "<group>"; };
		F66C76321D05A462006307ED /* Node.h */ = {isa = PBXFileReference; fileEncoding = 4; lastKnownFileType = sourcecode.c.h; name = Node.h; path = minigame/Node.h; sourceTree = "<group>"; };
		F68840E71CD0FFC300304589 /* OpenGL.framework */ = {isa = PBXFileReference; lastKnownFileType = wrapper.framework; name = OpenGL.framework; path = System/Library/Frameworks/OpenGL.framework; sourceTree = SDKROOT; };
		F68840E91CD0FFD400304589 /* GLUT.framework */ = {isa = PBXFileReference; lastKnownFileType = wrapper.framework; name = GLUT.framework; path = System/Library/Frameworks/GLUT.framework; sourceTree = SDKROOT; };
		F6E343E21CC68ABD0078E638 /* CG */ = {isa = PBXFileReference; explicitFileType = "compiled.mach-o.executable"; includeInIndex = 0; path = CG; sourceTree = BUILT_PRODUCTS_DIR; };
		F6ED2B681D0ACEF700252092 /* TouchDispatcher.cpp */ = {isa = PBXFileReference; fileEncoding = 4; lastKnownFileType = sourcecode.cpp.cpp; name = TouchDispatcher.cpp; path = minigame/TouchDispatcher.cpp; sourceTree = "<group>"; };
		F6ED2B691D0ACEF700252092 /* TouchDispatcher.h */ = {isa = PBXFileReference; fileEncoding = 4; lastKnownFileType = sourcecode.c.h; name = TouchDispatcher.h; path = minigame/TouchDispatcher.h; sourceTree = "<group>"; };
		F6ED2B6B1D0ADCB500252092 /* math.cpp */ = {isa = PBXFileReference; fileEncoding = 4; lastKnownFileType = sourcecode.cpp.cpp; name = math.cpp; path = minigame/math.cpp; sourceTree = "<group>"; };
		F6ED2B6C1D0ADCB500252092 /* math.h */ = {isa = PBXFileReference; fileEncoding = 4; lastKnownFileType = sourcecode.c.h; name = math.h; path = minigame/math.h; sourceTree = "<group>"; };
		F6ED2B6E1D0AF5DC00252092 /* control.cpp */ = {isa = PBXFileReference; fileEncoding = 4; lastKnownFileType = sourcecode.cpp.cpp; name = control.cpp; path = minigame/control.cpp; sourceTree = "<group>"; };
		F6ED2B6F1D0AF5DC00252092 /* control.h */ = {isa = PBXFileReference; fileEncoding = 4; lastKnownFileType = sourcecode.c.h; name = control.h; path = minigame/control.h; sourceTree = "<group>"; };
		F6ED2B731D0B1A1800252092 /* Texture2D.mm */ = {isa = PBXFileReference; fileEncoding = 4; lastKnownFileType = sourcecode.cpp.objcpp; name = Texture2D.mm; path = texture/Texture2D.mm; sourceTree = "<group>"; };
		F6ED2B741D0B1A1800252092 /* Texture2D.h */ = {isa = PBXFileReference; fileEncoding = 4; lastKnownFileType = sourcecode.c.h; name = Texture2D.h; path = texture/Texture2D.h; sourceTree = "<group>"; };
		F6ED2B761D0B20C800252092 /* AppKit.framework */ = {isa = PBXFileReference; lastKnownFileType = wrapper.framework; name = AppKit.framework; path = System/Library/Frameworks/AppKit.framework; sourceTree = SDKROOT; };
		F6ED2B781D0B23FB00252092 /* resource */ = {isa = PBXFileReference; lastKnownFileType = folder; path = resource; sourceTree = "<group>"; };
/* End PBXFileReference section */

/* Begin PBXFrameworksBuildPhase section */
		F6E343DF1CC68ABD0078E638 /* Frameworks */ = {
			isa = PBXFrameworksBuildPhase;
			buildActionMask = 2147483647;
			files = (
				F6ED2B771D0B20C800252092 /* AppKit.framework in Frameworks */,
				F66C35FD1D07051E00CDF38B /* Foundation.framework in Frameworks */,
				F68840EA1CD0FFD400304589 /* GLUT.framework in Frameworks */,
				F68840E81CD0FFC300304589 /* OpenGL.framework in Frameworks */,
			);
			runOnlyForDeploymentPostprocessing = 0;
		};
/* End PBXFrameworksBuildPhase section */

/* Begin PBXGroup section */
		F65826CC1D03E035008B53DE /* mgl */ = {
			isa = PBXGroup;
			children = (
				F65826CD1D03E05A008B53DE /* mgl.cpp */,
				F65826CE1D03E05A008B53DE /* mgl.h */,
				F65826D41D047BA8008B53DE /* text.cpp */,
				F65826D51D047BA8008B53DE /* text.h */,
			);
			name = mgl;
			path = ADT/GUI/image_file_parse/Raster;
			sourceTree = "<group>";
		};
		F65826D01D04513A008B53DE /* minigame */ = {
			isa = PBXGroup;
			children = (
				F66C762E1D05A2A7006307ED /* MainLoop.cpp */,
				F66C762F1D05A2A7006307ED /* MainLoop.h */,
				F65826D11D04518E008B53DE /* Gobang.cpp */,
				F65826D21D04518E008B53DE /* Gobang.h */,
				29F612001D052B1B00508815 /* server.cpp */,
				29F612011D052B1B00508815 /* server.h */,
				F66C76311D05A462006307ED /* Node.cpp */,
				F66C76321D05A462006307ED /* Node.h */,
				F6ED2B681D0ACEF700252092 /* TouchDispatcher.cpp */,
				F6ED2B691D0ACEF700252092 /* TouchDispatcher.h */,
				F6ED2B6B1D0ADCB500252092 /* math.cpp */,
				F6ED2B6C1D0ADCB500252092 /* math.h */,
				F6ED2B6E1D0AF5DC00252092 /* control.cpp */,
				F6ED2B6F1D0AF5DC00252092 /* control.h */,
			);
			name = minigame;
			sourceTree = "<group>";
		};
		F65E77951CFB3D1400B2F7AA /* datastructure */ = {
			isa = PBXGroup;
			children = (
				F65E77961CFB3D1400B2F7AA /* CCDictionary.cpp */,
				F65E77971CFB3D1400B2F7AA /* CCDictionary.h */,
				F65E77981CFB3D1400B2F7AA /* HashTable.cpp */,
				F65E77991CFB3D1400B2F7AA /* HashTable.h */,
				F65E779A1CFB3D1400B2F7AA /* MutableData.cpp */,
				F65E779B1CFB3D1400B2F7AA /* MutableData.h */,
			);
			name = datastructure;
			path = ADT;
			sourceTree = "<group>";
		};
		F65E779F1CFB3D1E00B2F7AA /* GUI */ = {
			isa = PBXGroup;
			children = (
				F65E77A01CFB3D1E00B2F7AA /* Draw.cpp */,
				F65E77A11CFB3D1E00B2F7AA /* Draw.h */,
				F65E77A21CFB3D1E00B2F7AA /* Window.cpp */,
				F65E77A31CFB3D1E00B2F7AA /* Window.h */,
			);
			name = GUI;
			path = ADT/GUI;
			sourceTree = "<group>";
		};
		F65E77A61CFB3D2A00B2F7AA /* image_file_parse */ = {
			isa = PBXGroup;
			children = (
				F65E77A71CFB3D2A00B2F7AA /* LBitmap.cpp */,
				F65E77A81CFB3D2A00B2F7AA /* LBitmap.h */,
				F65E77A91CFB3D2A00B2F7AA /* psd */,
			);
			name = image_file_parse;
			path = ADT/GUI/image_file_parse;
			sourceTree = "<group>";
		};
		F65E77A91CFB3D2A00B2F7AA /* psd */ = {
			isa = PBXGroup;
			children = (
				F65E77AA1CFB3D2A00B2F7AA /* ColorModeDataSection.cpp */,
				F65E77AB1CFB3D2A00B2F7AA /* ColorModeDataSection.h */,
				F65E77AC1CFB3D2A00B2F7AA /* FileHeaderSection.cpp */,
				F65E77AD1CFB3D2A00B2F7AA /* FileHeaderSection.h */,
				F65E77AE1CFB3D2A00B2F7AA /* ImageResourcesSection.cpp */,
				F65E77AF1CFB3D2A00B2F7AA /* ImageResourcesSection.h */,
				F65E77B01CFB3D2A00B2F7AA /* LayerAndMaskInformationSection.cpp */,
				F65E77B11CFB3D2A00B2F7AA /* LayerAndMaskInformationSection.h */,
				F65E77B21CFB3D2A00B2F7AA /* LPsdParser.cpp */,
				F65E77B31CFB3D2A00B2F7AA /* LPsdParser.h */,
				F65E77B41CFB3D2A00B2F7AA /* psdinclude.h */,
			);
			path = psd;
			sourceTree = "<group>";
		};
		F65E77BB1CFB3D3900B2F7AA /* Raster */ = {
			isa = PBXGroup;
			children = (
				F65E77BC1CFB3D3900B2F7AA /* Matrix.cpp */,
				F65E77BD1CFB3D3900B2F7AA /* Matrix.h */,
				F65E77BE1CFB3D3900B2F7AA /* matrix_transform.cpp */,
				F65E77BF1CFB3D3900B2F7AA /* matrix_transform.h */,
				F65E77C21CFB3D3900B2F7AA /* raster.cpp */,
				F65E77C31CFB3D3900B2F7AA /* raster.h */,
				F65E77C41CFB3D3900B2F7AA /* ray_polygon_intersection.cpp */,
				F65E77C51CFB3D3900B2F7AA /* ray_polygon_intersection.h */,
				F65E77C61CFB3D3900B2F7AA /* Vector3.cpp */,
				F65E77C71CFB3D3900B2F7AA /* Vector3.h */,
			);
			name = Raster;
			path = ADT/GUI/image_file_parse/Raster;
			sourceTree = "<group>";
		};
		F66C35F81D07001400CDF38B /* file_utils */ = {
			isa = PBXGroup;
			children = (
				F66C35F91D07009500CDF38B /* FileUtils.mm */,
				F66C35FA1D07009500CDF38B /* FileUtils.h */,
			);
			name = file_utils;
			sourceTree = "<group>";
		};
		F68840EF1CD10C0A00304589 /* frameworks */ = {
			isa = PBXGroup;
			children = (
				F6ED2B761D0B20C800252092 /* AppKit.framework */,
				F66C35FC1D07051E00CDF38B /* Foundation.framework */,
				F68840E91CD0FFD400304589 /* GLUT.framework */,
				F68840E71CD0FFC300304589 /* OpenGL.framework */,
			);
			name = frameworks;
			sourceTree = "<group>";
		};
		F6E343D91CC68ABD0078E638 = {
			isa = PBXGroup;
			children = (
				F6ED2B721D0B154300252092 /* texture */,
				F66C35F81D07001400CDF38B /* file_utils */,
				F65826CC1D03E035008B53DE /* mgl */,
				F65826D01D04513A008B53DE /* minigame */,
				F68840EF1CD10C0A00304589 /* frameworks */,
				F65E77951CFB3D1400B2F7AA /* datastructure */,
				F65E779F1CFB3D1E00B2F7AA /* GUI */,
				F65E77A61CFB3D2A00B2F7AA /* image_file_parse */,
				F65E77BB1CFB3D3900B2F7AA /* Raster */,
				F65E77CE1CFB3D4800B2F7AA /* main.cpp */,
				F6E343E31CC68ABD0078E638 /* Products */,
				F6ED2B781D0B23FB00252092 /* resource */,
			);
			sourceTree = "<group>";
		};
		F6E343E31CC68ABD0078E638 /* Products */ = {
			isa = PBXGroup;
			children = (
				F6E343E21CC68ABD0078E638 /* CG */,
			);
			name = Products;
			sourceTree = "<group>";
		};
		F6ED2B721D0B154300252092 /* texture */ = {
			isa = PBXGroup;
			children = (
				F6ED2B731D0B1A1800252092 /* Texture2D.mm */,
				F6ED2B741D0B1A1800252092 /* Texture2D.h */,
			);
			name = texture;
			sourceTree = "<group>";
		};
/* End PBXGroup section */

/* Begin PBXNativeTarget section */
		F6E343E11CC68ABD0078E638 /* CG */ = {
			isa = PBXNativeTarget;
			buildConfigurationList = F6E343E91CC68ABD0078E638 /* Build configuration list for PBXNativeTarget "CG" */;
			buildPhases = (
				F6E343DE1CC68ABD0078E638 /* Sources */,
				F6E343DF1CC68ABD0078E638 /* Frameworks */,
				F6E343E01CC68ABD0078E638 /* CopyFiles */,
				F64B79CA1CC7CD7B00F259EB /* Resources */,
			);
			buildRules = (
			);
			dependencies = (
			);
			name = CG;
			productName = LImage;
			productReference = F6E343E21CC68ABD0078E638 /* CG */;
			productType = "com.apple.product-type.tool";
		};
/* End PBXNativeTarget section */

/* Begin PBXProject section */
		F6E343DA1CC68ABD0078E638 /* Project object */ = {
			isa = PBXProject;
			attributes = {
				LastUpgradeCheck = 0710;
				ORGANIZATIONNAME = lewis;
				TargetAttributes = {
					F6E343E11CC68ABD0078E638 = {
						CreatedOnToolsVersion = 7.1.1;
					};
				};
			};
			buildConfigurationList = F6E343DD1CC68ABD0078E638 /* Build configuration list for PBXProject "CG" */;
			compatibilityVersion = "Xcode 3.2";
			developmentRegion = English;
			hasScannedForEncodings = 0;
			knownRegions = (
				en,
			);
			mainGroup = F6E343D91CC68ABD0078E638;
			productRefGroup = F6E343E31CC68ABD0078E638 /* Products */;
			projectDirPath = "";
			projectRoot = "";
			targets = (
				F6E343E11CC68ABD0078E638 /* CG */,
			);
		};
/* End PBXProject section */

/* Begin PBXResourcesBuildPhase section */
		F64B79CA1CC7CD7B00F259EB /* Resources */ = {
			isa = PBXResourcesBuildPhase;
			buildActionMask = 2147483647;
			files = (
				F6ED2B791D0B23FB00252092 /* resource in Resources */,
			);
			runOnlyForDeploymentPostprocessing = 0;
		};
/* End PBXResourcesBuildPhase section */

/* Begin PBXSourcesBuildPhase section */
		F6E343DE1CC68ABD0078E638 /* Sources */ = {
			isa = PBXSourcesBuildPhase;
			buildActionMask = 2147483647;
			files = (
				F65E77C81CFB3D3900B2F7AA /* Matrix.cpp in Sources */,
				F65E77B91CFB3D2A00B2F7AA /* LayerAndMaskInformationSection.cpp in Sources */,
				F6ED2B6D1D0ADCB500252092 /* math.cpp in Sources */,
				F65E77CF1CFB3D4800B2F7AA /* main.cpp in Sources */,
				F65E779D1CFB3D1400B2F7AA /* HashTable.cpp in Sources */,
				F6ED2B701D0AF5DC00252092 /* control.cpp in Sources */,
				29F612021D052B1B00508815 /* server.cpp in Sources */,
				F65E77B51CFB3D2A00B2F7AA /* LBitmap.cpp in Sources */,
				F65E77A51CFB3D1E00B2F7AA /* Window.cpp in Sources */,
				F65826CF1D03E05A008B53DE /* mgl.cpp in Sources */,
				F65E77CD1CFB3D3900B2F7AA /* Vector3.cpp in Sources */,
				F65E77CC1CFB3D3900B2F7AA /* ray_polygon_intersection.cpp in Sources */,
				F65E779C1CFB3D1400B2F7AA /* CCDictionary.cpp in Sources */,
				F65E77B81CFB3D2A00B2F7AA /* ImageResourcesSection.cpp in Sources */,
				F65E77B71CFB3D2A00B2F7AA /* FileHeaderSection.cpp in Sources */,
				F66C35FB1D07009500CDF38B /* FileUtils.mm in Sources */,
				F65826D31D04518E008B53DE /* Gobang.cpp in Sources */,
				F65826D61D047BA8008B53DE /* text.cpp in Sources */,
				F65E779E1CFB3D1400B2F7AA /* MutableData.cpp in Sources */,
				F66C76301D05A2A7006307ED /* MainLoop.cpp in Sources */,
				F66C76331D05A462006307ED /* Node.cpp in Sources */,
				F6ED2B751D0B1A1800252092 /* Texture2D.mm in Sources */,
				F65E77C91CFB3D3900B2F7AA /* matrix_transform.cpp in Sources */,
				F6ED2B6A1D0ACEF700252092 /* TouchDispatcher.cpp in Sources */,
				F65E77B61CFB3D2A00B2F7AA /* ColorModeDataSection.cpp in Sources */,
				F65E77BA1CFB3D2A00B2F7AA /* LPsdParser.cpp in Sources */,
				F65E77A41CFB3D1E00B2F7AA /* Draw.cpp in Sources */,
				F65E77CB1CFB3D3900B2F7AA /* raster.cpp in Sources */,
			);
			runOnlyForDeploymentPostprocessing = 0;
		};
/* End PBXSourcesBuildPhase section */

/* Begin XCBuildConfiguration section */
		F6E343E71CC68ABD0078E638 /* Debug */ = {
			isa = XCBuildConfiguration;
			buildSettings = {
				ALWAYS_SEARCH_USER_PATHS = NO;
				CLANG_CXX_LANGUAGE_STANDARD = "gnu++0x";
				CLANG_CXX_LIBRARY = "libc++";
				CLANG_ENABLE_MODULES = YES;
				CLANG_ENABLE_OBJC_ARC = YES;
				CLANG_WARN_BOOL_CONVERSION = YES;
				CLANG_WARN_CONSTANT_CONVERSION = YES;
				CLANG_WARN_DIRECT_OBJC_ISA_USAGE = YES_ERROR;
				CLANG_WARN_EMPTY_BODY = YES;
				CLANG_WARN_ENUM_CONVERSION = YES;
				CLANG_WARN_INT_CONVERSION = YES;
				CLANG_WARN_OBJC_ROOT_CLASS = YES_ERROR;
				CLANG_WARN_UNREACHABLE_CODE = YES;
				CLANG_WARN__DUPLICATE_METHOD_MATCH = YES;
				CODE_SIGN_IDENTITY = "-";
				COPY_PHASE_STRIP = NO;
				DEBUG_INFORMATION_FORMAT = dwarf;
				ENABLE_STRICT_OBJC_MSGSEND = YES;
				ENABLE_TESTABILITY = YES;
				GCC_C_LANGUAGE_STANDARD = gnu99;
				GCC_DYNAMIC_NO_PIC = NO;
				GCC_NO_COMMON_BLOCKS = YES;
				GCC_OPTIMIZATION_LEVEL = 0;
				GCC_PREPROCESSOR_DEFINITIONS = (
					"DEBUG=1",
					"$(inherited)",
				);
				GCC_WARN_64_TO_32_BIT_CONVERSION = YES;
				GCC_WARN_ABOUT_RETURN_TYPE = YES_ERROR;
				GCC_WARN_UNDECLARED_SELECTOR = YES;
				GCC_WARN_UNINITIALIZED_AUTOS = YES_AGGRESSIVE;
				GCC_WARN_UNUSED_FUNCTION = YES;
				GCC_WARN_UNUSED_VARIABLE = YES;
				MACOSX_DEPLOYMENT_TARGET = 10.7;
				MTL_ENABLE_DEBUG_INFO = YES;
				ONLY_ACTIVE_ARCH = YES;
				SDKROOT = macosx;
			};
			name = Debug;
		};
		F6E343E81CC68ABD0078E638 /* Release */ = {
			isa = XCBuildConfiguration;
			buildSettings = {
				ALWAYS_SEARCH_USER_PATHS = NO;
				CLANG_CXX_LANGUAGE_STANDARD = "gnu++0x";
				CLANG_CXX_LIBRARY = "libc++";
				CLANG_ENABLE_MODULES = YES;
				CLANG_ENABLE_OBJC_ARC = YES;
				CLANG_WARN_BOOL_CONVERSION = YES;
				CLANG_WARN_CONSTANT_CONVERSION = YES;
				CLANG_WARN_DIRECT_OBJC_ISA_USAGE = YES_ERROR;
				CLANG_WARN_EMPTY_BODY = YES;
				CLANG_WARN_ENUM_CONVERSION = YES;
				CLANG_WARN_INT_CONVERSION = YES;
				CLANG_WARN_OBJC_ROOT_CLASS = YES_ERROR;
				CLANG_WARN_UNREACHABLE_CODE = YES;
				CLANG_WARN__DUPLICATE_METHOD_MATCH = YES;
				CODE_SIGN_IDENTITY = "-";
				COPY_PHASE_STRIP = NO;
				DEBUG_INFORMATION_FORMAT = "dwarf-with-dsym";
				ENABLE_NS_ASSERTIONS = NO;
				ENABLE_STRICT_OBJC_MSGSEND = YES;
				GCC_C_LANGUAGE_STANDARD = gnu99;
				GCC_NO_COMMON_BLOCKS = YES;
				GCC_WARN_64_TO_32_BIT_CONVERSION = YES;
				GCC_WARN_ABOUT_RETURN_TYPE = YES_ERROR;
				GCC_WARN_UNDECLARED_SELECTOR = YES;
				GCC_WARN_UNINITIALIZED_AUTOS = YES_AGGRESSIVE;
				GCC_WARN_UNUSED_FUNCTION = YES;
				GCC_WARN_UNUSED_VARIABLE = YES;
				MACOSX_DEPLOYMENT_TARGET = 10.7;
				MTL_ENABLE_DEBUG_INFO = NO;
				SDKROOT = macosx;
			};
			name = Release;
		};
		F6E343EA1CC68ABD0078E638 /* Debug */ = {
			isa = XCBuildConfiguration;
			buildSettings = {
				CLANG_CXX_LANGUAGE_STANDARD = "c++0x";
				GCC_PREPROCESSOR_DEFINITIONS = (
					"DEBUG=1",
					"$(inherited)",
					"LANGUAGE=ENGLISH",
				);
				PRODUCT_NAME = CG;
			};
			name = Debug;
		};
		F6E343EB1CC68ABD0078E638 /* Release */ = {
			isa = XCBuildConfiguration;
			buildSettings = {
				CLANG_CXX_LANGUAGE_STANDARD = "c++0x";
				PRODUCT_NAME = CG;
			};
			name = Release;
		};
/* End XCBuildConfiguration section */

/* Begin XCConfigurationList section */
		F6E343DD1CC68ABD0078E638 /* Build configuration list for PBXProject "CG" */ = {
			isa = XCConfigurationList;
			buildConfigurations = (
				F6E343E71CC68ABD0078E638 /* Debug */,
				F6E343E81CC68ABD0078E638 /* Release */,
			);
			defaultConfigurationIsVisible = 0;
			defaultConfigurationName = Release;
		};
		F6E343E91CC68ABD0078E638 /* Build configuration list for PBXNativeTarget "CG" */ = {
			isa = XCConfigurationList;
			buildConfigurations = (
				F6E343EA1CC68ABD0078E638 /* Debug */,
				F6E343EB1CC68ABD0078E638 /* Release */,
			);
			defaultConfigurationIsVisible = 0;
			defaultConfigurationName = Release;
		};
/* End XCConfigurationList section */
	};
	rootObject = F6E343DA1CC68ABD0078E638 /* Project object */;
}
